
Microsoft Visual Studio Solution File, Format Version 10.00
# Visual Studio 2008
Project("{FAE04EC0-301F-11D3-BF4B-00C04F79EFBC}") = "CSharp_RadSaViseKlasa", "CSharp_RadSaViseKlasa\CSharp_RadSaViseKlasa.csproj", "{4E3A26B7-764D-402D-8724-24CEADC3C929}"
EndProject
Global
	GlobalSection(SolutionConfigurationPlatforms) = preSolution
		Debug|Any CPU = Debug|Any CPU
		Release|Any CPU = Release|Any CPU
	EndGlobalSection
	GlobalSection(ProjectConfigurationPlatforms) = postSolution
		{4E3A26B7-764D-402D-8724-24CEADC3C929}.Debug|Any CPU.ActiveCfg = Debug|Any CPU
		{4E3A26B7-764D-402D-8724-24CEADC3C929}.Debug|Any CPU.Build.0 = Debug|Any CPU
		{4E3A26B7-764D-402D-8724-24CEADC3C929}.Release|Any CPU.ActiveCfg = Release|Any CPU
		{4E3A26B7-764D-402D-8724-24CEADC3C929}.Release|Any CPU.Build.0 = Release|Any CPU
	EndGlobalSection
	GlobalSection(SolutionProperties) = preSolution
		HideSolutionNode = FALSE
	EndGlobalSection
EndGlobal
